
Microsoft Visual Studio Solution File, Format Version 12.00
# Visual Studio Version 16
VisualStudioVersion = 16.0.29905.134
MinimumVisualStudioVersion = 10.0.40219.1
Project("{FAE04EC0-301F-11D3-BF4B-00C04F79EFBC}") = "tut12", "tut12.csproj", "{F90B1F4B-74FA-4DBB-9A30-4F9178CA095D}"
EndProject
Global
	GlobalSection(SolutionConfigurationPlatforms) = preSolution
		Debug|Any CPU = Debug|Any CPU
		Release|Any CPU = Release|Any CPU
	EndGlobalSection
	GlobalSection(ProjectConfigurationPlatforms) = postSolution
		{F90B1F4B-74FA-4DBB-9A30-4F9178CA095D}.Debug|Any CPU.ActiveCfg = Debug|Any CPU
		{F90B1F4B-74FA-4DBB-9A30-4F9178CA095D}.Debug|Any CPU.Build.0 = Debug|Any CPU
		{F90B1F4B-74FA-4DBB-9A30-4F9178CA095D}.Release|Any CPU.ActiveCfg = Release|Any CPU
		{F90B1F4B-74FA-4DBB-9A30-4F9178CA095D}.Release|Any CPU.Build.0 = Release|Any CPU
	EndGlobalSection
	GlobalSection(SolutionProperties) = preSolution
		HideSolutionNode = FALSE
	EndGlobalSection
	GlobalSection(ExtensibilityGlobals) = postSolution
		SolutionGuid = {146C5950-6BA8-4CEA-9D01-AD7FEBA582A7}
	EndGlobalSection
EndGlobal
